
Microsoft Visual Studio Solution File, Format Version 12.00
# Visual Studio Version 16
VisualStudioVersion = 16.0.31829.152
MinimumVisualStudioVersion = 10.0.40219.1
Project("{FAE04EC0-301F-11D3-BF4B-00C04F79EFBC}") = "IntegracaoConsole", "IntegracaoConsole\IntegracaoConsole.csproj", "{4631D2B6-C1B1-4BD4-9975-BDCD32DBC088}"
EndProject
Project("{FAE04EC0-301F-11D3-BF4B-00C04F79EFBC}") = "PluginAacademiaCrm", "PluginAacademiaCrm\PluginAacademiaCrm.csproj", "{91A1C2BF-CD98-4100-BEA5-9D4AC40B4285}"
EndProject
Project("{FAE04EC0-301F-11D3-BF4B-00C04F79EFBC}") = "PluginTeste", "PluginTeste\PluginTeste.csproj", "{2BD4A4B2-9915-4A27-9976-B6D62CAD20DA}"
EndProject
Global
	GlobalSection(SolutionConfigurationPlatforms) = preSolution
		Debug|Any CPU = Debug|Any CPU
		Release|Any CPU = Release|Any CPU
	EndGlobalSection
	GlobalSection(ProjectConfigurationPlatforms) = postSolution
		{4631D2B6-C1B1-4BD4-9975-BDCD32DBC088}.Debug|Any CPU.ActiveCfg = Debug|Any CPU
		{4631D2B6-C1B1-4BD4-9975-BDCD32DBC088}.Debug|Any CPU.Build.0 = Debug|Any CPU
		{4631D2B6-C1B1-4BD4-9975-BDCD32DBC088}.Release|Any CPU.ActiveCfg = Release|Any CPU
		{4631D2B6-C1B1-4BD4-9975-BDCD32DBC088}.Release|Any CPU.Build.0 = Release|Any CPU
		{91A1C2BF-CD98-4100-BEA5-9D4AC40B4285}.Debug|Any CPU.ActiveCfg = Debug|Any CPU
		{91A1C2BF-CD98-4100-BEA5-9D4AC40B4285}.Debug|Any CPU.Build.0 = Debug|Any CPU
		{91A1C2BF-CD98-4100-BEA5-9D4AC40B4285}.Release|Any CPU.ActiveCfg = Release|Any CPU
		{91A1C2BF-CD98-4100-BEA5-9D4AC40B4285}.Release|Any CPU.Build.0 = Release|Any CPU
		{2BD4A4B2-9915-4A27-9976-B6D62CAD20DA}.Debug|Any CPU.ActiveCfg = Debug|Any CPU
		{2BD4A4B2-9915-4A27-9976-B6D62CAD20DA}.Debug|Any CPU.Build.0 = Debug|Any CPU
		{2BD4A4B2-9915-4A27-9976-B6D62CAD20DA}.Release|Any CPU.ActiveCfg = Release|Any CPU
		{2BD4A4B2-9915-4A27-9976-B6D62CAD20DA}.Release|Any CPU.Build.0 = Release|Any CPU
	EndGlobalSection
	GlobalSection(SolutionProperties) = preSolution
		HideSolutionNode = FALSE
	EndGlobalSection
	GlobalSection(ExtensibilityGlobals) = postSolution
		SolutionGuid = {E869C8DE-401C-468E-B5C6-237C91DFE5FE}
	EndGlobalSection
EndGlobal
